Microsoft Visual Studio Solution File, Format Version 12.00
# Visual Studio 2012
Project("{FAE04EC0-301F-11D3-BF4B-00C04F79EFBC}") = "yuhs.Daos.Interfaces", "yuhs.Daos.Interfaces\yuhs.Daos.Interfaces.csproj", "{150dbab5-f502-4aaf-b258-c8ee7a5b9569}"
EndProject
Project("{FAE04EC0-301F-11D3-BF4B-00C04F79EFBC}") = "yuhs.Services", "yuhs.Services\yuhs.Services.csproj", "{211de553-b6a3-4636-a8ce-195a50ed8af1}"
EndProject
Project("{FAE04EC0-301F-11D3-BF4B-00C04F79EFBC}") = "yuhs.Web", "yuhs.Web\yuhs.Web.csproj", "{84cdc540-3fb6-47ed-99fc-da772f54cce9}"
EndProject
Project("{FAE04EC0-301F-11D3-BF4B-00C04F79EFBC}") = "yuhs.Entities", "yuhs.Entities\yuhs.Entities.csproj", "{8de8595d-37af-4f1e-8b3f-8de3e4df4918}"
EndProject
Project("{FAE04EC0-301F-11D3-BF4B-00C04F79EFBC}") = "yuhs.Services.Interfaces", "yuhs.Services.Interfaces\yuhs.Services.Interfaces.csproj", "{996ba6dc-0f6d-4d03-9161-eed936a6ef24}"
EndProject
Project("{FAE04EC0-301F-11D3-BF4B-00C04F79EFBC}") = "yuhs.Daos", "yuhs.Daos\yuhs.Daos.csproj", "{9f067d8b-d0de-4f7b-b04d-89b47a52dabf}"
EndProject
<!--add customized code between this region-->
<!--add customized code between this region-->
Global
    GlobalSection(SolutionConfigurationPlatforms) = preSolution
        Debug|Any CPU = Debug|Any CPU
        Release|Any CPU = Release|Any CPU
    EndGlobalSection
    GlobalSection(ProjectConfigurationPlatforms) = postSolution
        {150dbab5-f502-4aaf-b258-c8ee7a5b9569}.Debug|Any CPU.ActiveCfg = Debug|Any CPU
        {150dbab5-f502-4aaf-b258-c8ee7a5b9569}.Debug|Any CPU.Build.0 = Debug|Any CPU
        {150dbab5-f502-4aaf-b258-c8ee7a5b9569}.Release|Any CPU.ActiveCfg = Release|Any CPU
        {150dbab5-f502-4aaf-b258-c8ee7a5b9569}.Release|Any CPU.Build.0 = Release|Any CPU
        {211de553-b6a3-4636-a8ce-195a50ed8af1}.Debug|Any CPU.ActiveCfg = Debug|Any CPU
        {211de553-b6a3-4636-a8ce-195a50ed8af1}.Debug|Any CPU.Build.0 = Debug|Any CPU
        {211de553-b6a3-4636-a8ce-195a50ed8af1}.Release|Any CPU.ActiveCfg = Release|Any CPU
        {211de553-b6a3-4636-a8ce-195a50ed8af1}.Release|Any CPU.Build.0 = Release|Any CPU
        {84cdc540-3fb6-47ed-99fc-da772f54cce9}.Debug|Any CPU.ActiveCfg = Debug|Any CPU
        {84cdc540-3fb6-47ed-99fc-da772f54cce9}.Debug|Any CPU.Build.0 = Debug|Any CPU
        {84cdc540-3fb6-47ed-99fc-da772f54cce9}.Release|Any CPU.ActiveCfg = Release|Any CPU
        {84cdc540-3fb6-47ed-99fc-da772f54cce9}.Release|Any CPU.Build.0 = Release|Any CPU
        {8de8595d-37af-4f1e-8b3f-8de3e4df4918}.Debug|Any CPU.ActiveCfg = Debug|Any CPU
        {8de8595d-37af-4f1e-8b3f-8de3e4df4918}.Debug|Any CPU.Build.0 = Debug|Any CPU
        {8de8595d-37af-4f1e-8b3f-8de3e4df4918}.Release|Any CPU.ActiveCfg = Release|Any CPU
        {8de8595d-37af-4f1e-8b3f-8de3e4df4918}.Release|Any CPU.Build.0 = Release|Any CPU
        {996ba6dc-0f6d-4d03-9161-eed936a6ef24}.Debug|Any CPU.ActiveCfg = Debug|Any CPU
        {996ba6dc-0f6d-4d03-9161-eed936a6ef24}.Debug|Any CPU.Build.0 = Debug|Any CPU
        {996ba6dc-0f6d-4d03-9161-eed936a6ef24}.Release|Any CPU.ActiveCfg = Release|Any CPU
        {996ba6dc-0f6d-4d03-9161-eed936a6ef24}.Release|Any CPU.Build.0 = Release|Any CPU
        {9f067d8b-d0de-4f7b-b04d-89b47a52dabf}.Debug|Any CPU.ActiveCfg = Debug|Any CPU
        {9f067d8b-d0de-4f7b-b04d-89b47a52dabf}.Debug|Any CPU.Build.0 = Debug|Any CPU
        {9f067d8b-d0de-4f7b-b04d-89b47a52dabf}.Release|Any CPU.ActiveCfg = Release|Any CPU
        {9f067d8b-d0de-4f7b-b04d-89b47a52dabf}.Release|Any CPU.Build.0 = Release|Any CPU
<!--add customized code between this region-->
<!--add customized code between this region-->
    EndGlobalSection
    GlobalSection(SolutionProperties) = preSolution
        HideSolutionNode = FALSE
    EndGlobalSection
EndGlobal
